
Microsoft Visual Studio Solution File, Format Version 12.00
# Visual Studio Version 16
VisualStudioVersion = 16.0.29806.167
MinimumVisualStudioVersion = 10.0.40219.1
Project("{FAE04EC0-301F-11D3-BF4B-00C04F79EFBC}") = "EzLearn.Web", "EzLearn.Web\EzLearn.Web.csproj", "{9E4BC938-8A22-403C-9CC2-1355D2C2AA13}"
EndProject
Project("{FAE04EC0-301F-11D3-BF4B-00C04F79EFBC}") = "EzLearn.Core", "EzLearn.Core\EzLearn.Core.csproj", "{841E29B9-210C-4989-BA89-216C984DC608}"
EndProject
Project("{FAE04EC0-301F-11D3-BF4B-00C04F79EFBC}") = "EzLearn.DataLayer", "EzLearn.DataLayer\EzLearn.DataLayer.csproj", "{239A56E1-56D1-476F-A3C4-247EFD015E76}"
EndProject
Global
	GlobalSection(SolutionConfigurationPlatforms) = preSolution
		Debug|Any CPU = Debug|Any CPU
		Release|Any CPU = Release|Any CPU
	EndGlobalSection
	GlobalSection(ProjectConfigurationPlatforms) = postSolution
		{9E4BC938-8A22-403C-9CC2-1355D2C2AA13}.Debug|Any CPU.ActiveCfg = Debug|Any CPU
		{9E4BC938-8A22-403C-9CC2-1355D2C2AA13}.Debug|Any CPU.Build.0 = Debug|Any CPU
		{9E4BC938-8A22-403C-9CC2-1355D2C2AA13}.Release|Any CPU.ActiveCfg = Release|Any CPU
		{9E4BC938-8A22-403C-9CC2-1355D2C2AA13}.Release|Any CPU.Build.0 = Release|Any CPU
		{841E29B9-210C-4989-BA89-216C984DC608}.Debug|Any CPU.ActiveCfg = Debug|Any CPU
		{841E29B9-210C-4989-BA89-216C984DC608}.Debug|Any CPU.Build.0 = Debug|Any CPU
		{841E29B9-210C-4989-BA89-216C984DC608}.Release|Any CPU.ActiveCfg = Release|Any CPU
		{841E29B9-210C-4989-BA89-216C984DC608}.Release|Any CPU.Build.0 = Release|Any CPU
		{239A56E1-56D1-476F-A3C4-247EFD015E76}.Debug|Any CPU.ActiveCfg = Debug|Any CPU
		{239A56E1-56D1-476F-A3C4-247EFD015E76}.Debug|Any CPU.Build.0 = Debug|Any CPU
		{239A56E1-56D1-476F-A3C4-247EFD015E76}.Release|Any CPU.ActiveCfg = Release|Any CPU
		{239A56E1-56D1-476F-A3C4-247EFD015E76}.Release|Any CPU.Build.0 = Release|Any CPU
	EndGlobalSection
	GlobalSection(SolutionProperties) = preSolution
		HideSolutionNode = FALSE
	EndGlobalSection
	GlobalSection(ExtensibilityGlobals) = postSolution
		SolutionGuid = {54E6B0F3-8EA1-4F8A-B863-CFD76B76AD8F}
	EndGlobalSection
EndGlobal
